// !$*UTF8*$!
{
	archiveVersion = 1;
	classes = {
	};
	objectVersion = 55;
	objects = {

/* Begin PBXBuildFile section */
		21675F32288980F9004AE923 /* ListCardVersion2View.swift in Sources */ = {isa = PBXBuildFile; fileRef = 21675F31288980F9004AE923 /* ListCardVersion2View.swift */; };
		21B380A7288F6082002AAE19 /* ListAndGalleryView.swift in Sources */ = {isa = PBXBuildFile; fileRef = 21B380A6288F6082002AAE19 /* ListAndGalleryView.swift */; };
		21F6CC4B2888D0BD0079E70E /* MatchGeometryPracticeApp.swift in Sources */ = {isa = PBXBuildFile; fileRef = 21F6CC4A2888D0BD0079E70E /* MatchGeometryPracticeApp.swift */; };
		21F6CC4D2888D0BD0079E70E /* ContentView.swift in Sources */ = {isa = PBXBuildFile; fileRef = 21F6CC4C2888D0BD0079E70E /* ContentView.swift */; };
		21F6CC4F2888D0BF0079E70E /* Assets.xcassets in Resources */ = {isa = PBXBuildFile; fileRef = 21F6CC4E2888D0BF0079E70E /* Assets.xcassets */; };
		21F6CC522888D0BF0079E70E /* Preview Assets.xcassets in Resources */ = {isa = PBXBuildFile; fileRef = 21F6CC512888D0BF0079E70E /* Preview Assets.xcassets */; };
		21F6CC5928893F880079E70E /* ListCardView.swift in Sources */ = {isa = PBXBuildFile; fileRef = 21F6CC5828893F880079E70E /* ListCardView.swift */; };
/* End PBXBuildFile section */

/* Begin PBXFileReference section */
		21675F31288980F9004AE923 /* ListCardVersion2View.swift */ = {isa = PBXFileReference; lastKnownFileType = sourcecode.swift; path = ListCardVersion2View.swift; sourceTree = "<group>"; };
		21B380A6288F6082002AAE19 /* ListAndGalleryView.swift */ = {isa = PBXFileReference; lastKnownFileType = sourcecode.swift; path = ListAndGalleryView.swift; sourceTree = "<group>"; };
		21F6CC472888D0BD0079E70E /* MatchGeometryPractice.app */ = {isa = PBXFileReference; explicitFileType = wrapper.application; includeInIndex = 0; path = MatchGeometryPractice.app; sourceTree = BUILT_PRODUCTS_DIR; };
		21F6CC4A2888D0BD0079E70E /* MatchGeometryPracticeApp.swift */ = {isa = PBXFileReference; lastKnownFileType = sourcecode.swift; path = MatchGeometryPracticeApp.swift; sourceTree = "<group>"; };
		21F6CC4C2888D0BD0079E70E /* ContentView.swift */ = {isa = PBXFileReference; lastKnownFileType = sourcecode.swift; path = ContentView.swift; sourceTree = "<group>"; };
		21F6CC4E2888D0BF0079E70E /* Assets.xcassets */ = {isa = PBXFileReference; lastKnownFileType = folder.assetcatalog; path = Assets.xcassets; sourceTree = "<group>"; };
		21F6CC512888D0BF0079E70E /* Preview Assets.xcassets */ = {isa = PBXFileReference; lastKnownFileType = folder.assetcatalog; path = "Preview Assets.xcassets"; sourceTree = "<group>"; };
		21F6CC5828893F880079E70E /* ListCardView.swift */ = {isa = PBXFileReference; lastKnownFileType = sourcecode.swift; path = ListCardView.swift; sourceTree = "<group>"; };
/* End PBXFileReference section */

/* Begin PBXFrameworksBuildPhase section */
		21F6CC442888D0BD0079E70E /* Frameworks */ = {
			isa = PBXFrameworksBuildPhase;
			buildActionMask = 2147483647;
			files = (
			);
			runOnlyForDeploymentPostprocessing = 0;
		};
/* End PBXFrameworksBuildPhase section */

/* Begin PBXGroup section */
		21F6CC3E2888D0BD0079E70E = {
			isa = PBXGroup;
			children = (
				21F6CC492888D0BD0079E70E /* MatchGeometryPractice */,
				21F6CC482888D0BD0079E70E /* Products */,
			);
			sourceTree = "<group>";
		};
		21F6CC482888D0BD0079E70E /* Products */ = {
			isa = PBXGroup;
			children = (
				21F6CC472888D0BD0079E70E /* MatchGeometryPractice.app */,
			);
			name = Products;
			sourceTree = "<group>";
		};
		21F6CC492888D0BD0079E70E /* MatchGeometryPractice */ = {
			isa = PBXGroup;
			children = (
				21F6CC4A2888D0BD0079E70E /* MatchGeometryPracticeApp.swift */,
				21F6CC4C2888D0BD0079E70E /* ContentView.swift */,
				21F6CC5828893F880079E70E /* ListCardView.swift */,
				21675F31288980F9004AE923 /* ListCardVersion2View.swift */,
				21B380A6288F6082002AAE19 /* ListAndGalleryView.swift */,
				21F6CC4E2888D0BF0079E70E /* Assets.xcassets */,
				21F6CC502888D0BF0079E70E /* Preview Content */,
			);
			path = MatchGeometryPractice;
			sourceTree = "<group>";
		};
		21F6CC502888D0BF0079E70E /* Preview Content */ = {
			isa = PBXGroup;
			children = (
				21F6CC512888D0BF0079E70E /* Preview Assets.xcassets */,
			);
			path = "Preview Content";
			sourceTree = "<group>";
		};
/* End PBXGroup section */

/* Begin PBXNativeTarget section */
		21F6CC462888D0BD0079E70E /* MatchGeometryPractice */ = {
			isa = PBXNativeTarget;
			buildConfigurationList = 21F6CC552888D0BF0079E70E /* Build configuration list for PBXNativeTarget "MatchGeometryPractice" */;
			buildPhases = (
				21F6CC432888D0BD0079E70E /* Sources */,
				21F6CC442888D0BD0079E70E /* Frameworks */,
				21F6CC452888D0BD0079E70E /* Resources */,
			);
			buildRules = (
			);
			dependencies = (
			);
			name = MatchGeometryPractice;
			productName = MatchGeometryPractice;
			productReference = 21F6CC472888D0BD0079E70E /* MatchGeometryPractice.app */;
			productType = "com.apple.product-type.application";
		};
/* End PBXNativeTarget section */

/* Begin PBXProject section */
		21F6CC3F2888D0BD0079E70E /* Project object */ = {
			isa = PBXProject;
			attributes = {
				BuildIndependentTargetsInParallel = 1;
				LastSwiftUpdateCheck = 1330;
				LastUpgradeCheck = 1330;
				TargetAttributes = {
					21F6CC462888D0BD0079E70E = {
						CreatedOnToolsVersion = 13.3;
					};
				};
			};
			buildConfigurationList = 21F6CC422888D0BD0079E70E /* Build configuration list for PBXProject "MatchGeometryPractice" */;
			compatibilityVersion = "Xcode 13.0";
			developmentRegion = en;
			hasScannedForEncodings = 0;
			knownRegions = (
				en,
				Base,
			);
			mainGroup = 21F6CC3E2888D0BD0079E70E;
			productRefGroup = 21F6CC482888D0BD0079E70E /* Products */;
			projectDirPath = "";
			projectRoot = "";
			targets = (
				21F6CC462888D0BD0079E70E /* MatchGeometryPractice */,
			);
		};
/* End PBXProject section */

/* Begin PBXResourcesBuildPhase section */
		21F6CC452888D0BD0079E70E /* Resources */ = {
			isa = PBXResourcesBuildPhase;
			buildActionMask = 2147483647;
			files = (
				21F6CC522888D0BF0079E70E /* Preview Assets.xcassets in Resources */,
				21F6CC4F2888D0BF0079E70E /* Assets.xcassets in Resources */,
			);
			runOnlyForDeploymentPostprocessing = 0;
		};
/* End PBXResourcesBuildPhase section */

/* Begin PBXSourcesBuildPhase section */
		21F6CC432888D0BD0079E70E /* Sources */ = {
			isa = PBXSourcesBuildPhase;
			buildActionMask = 2147483647;
			files = (
				21F6CC4D2888D0BD0079E70E /* ContentView.swift in Sources */,
				21B380A7288F6082002AAE19 /* ListAndGalleryView.swift in Sources */,
				21F6CC4B2888D0BD0079E70E /* MatchGeometryPracticeApp.swift in Sources */,
				21675F32288980F9004AE923 /* ListCardVersion2View.swift in Sources */,
				21F6CC5928893F880079E70E /* ListCardView.swift in Sources */,
			);
			runOnlyForDeploymentPostprocessing = 0;
		};
/* End PBXSourcesBuildPhase section */

/* Begin XCBuildConfiguration section */
		21F6CC532888D0BF0079E70E /* Debug */ = {
			isa = XCBuildConfiguration;
			buildSettings = {
				ALWAYS_SEARCH_USER_PATHS = NO;
				CLANG_ANALYZER_NONNULL = YES;
				CLANG_ANALYZER_NUMBER_OBJECT_CONVERSION = YES_AGGRESSIVE;
				CLANG_CXX_LANGUAGE_STANDARD = "gnu++17";
				CLANG_ENABLE_MODULES = YES;
				CLANG_ENABLE_OBJC_ARC = YES;
				CLANG_ENABLE_OBJC_WEAK = YES;
				CLANG_WARN_BLOCK_CAPTURE_AUTORELEASING = YES;
				CLANG_WARN_BOOL_CONVERSION = YES;
				CLANG_WARN_COMMA = YES;
				CLANG_WARN_CONSTANT_CONVERSION = YES;
				CLANG_WARN_DEPRECATED_OBJC_IMPLEMENTATIONS = YES;
				CLANG_WARN_DIRECT_OBJC_ISA_USAGE = YES_ERROR;
				CLANG_WARN_DOCUMENTATION_COMMENTS = YES;
				CLANG_WARN_EMPTY_BODY = YES;
				CLANG_WARN_ENUM_CONVERSION = YES;
				CLANG_WARN_INFINITE_RECURSION = YES;
				CLANG_WARN_INT_CONVERSION = YES;
				CLANG_WARN_NON_LITERAL_NULL_CONVERSION = YES;
				CLANG_WARN_OBJC_IMPLICIT_RETAIN_SELF = YES;
				CLANG_WARN_OBJC_LITERAL_CONVERSION = YES;
				CLANG_WARN_OBJC_ROOT_CLASS = YES_ERROR;
				CLANG_WARN_QUOTED_INCLUDE_IN_FRAMEWORK_HEADER = YES;
				CLANG_WARN_RANGE_LOOP_ANALYSIS = YES;
				CLANG_WARN_STRICT_PROTOTYPES = YES;
				CLANG_WARN_SUSPICIOUS_MOVE = YES;
				CLANG_WARN_UNGUARDED_AVAILABILITY = YES_AGGRESSIVE;
				CLANG_WARN_UNREACHABLE_CODE = YES;
				CLANG_WARN__DUPLICATE_METHOD_MATCH = YES;
				COPY_PHASE_STRIP = NO;
				DEBUG_INFORMATION_FORMAT = dwarf;
				ENABLE_STRICT_OBJC_MSGSEND = YES;
				ENABLE_TESTABILITY = YES;
				GCC_C_LANGUAGE_STANDARD = gnu11;
				GCC_DYNAMIC_NO_PIC = NO;
				GCC_NO_COMMON_BLOCKS = YES;
				GCC_OPTIMIZATION_LEVEL = 0;
				GCC_PREPROCESSOR_DEFINITIONS = (
					"DEBUG=1",
					"$(inherited)",
				);
				GCC_WARN_64_TO_32_BIT_CONVERSION = YES;
				GCC_WARN_ABOUT_RETURN_TYPE = YES_ERROR;
				GCC_WARN_UNDECLARED_SELECTOR = YES;
				GCC_WARN_UNINITIALIZED_AUTOS = YES_AGGRESSIVE;
				GCC_WARN_UNUSED_FUNCTION = YES;
				GCC_WARN_UNUSED_VARIABLE = YES;
				IPHONEOS_DEPLOYMENT_TARGET = 15.4;
				MTL_ENABLE_DEBUG_INFO = INCLUDE_SOURCE;
				MTL_FAST_MATH = YES;
				ONLY_ACTIVE_ARCH = YES;
				SDKROOT = iphoneos;
				SWIFT_ACTIVE_COMPILATION_CONDITIONS = DEBUG;
				SWIFT_OPTIMIZATION_LEVEL = "-Onone";
			};
			name = Debug;
		};
		21F6CC542888D0BF0079E70E /* Release */ = {
			isa = XCBuildConfiguration;
			buildSettings = {
				ALWAYS_SEARCH_USER_PATHS = NO;
				CLANG_ANALYZER_NONNULL = YES;
				CLANG_ANALYZER_NUMBER_OBJECT_CONVERSION = YES_AGGRESSIVE;
				CLANG_CXX_LANGUAGE_STANDARD = "gnu++17";
				CLANG_ENABLE_MODULES = YES;
				CLANG_ENABLE_OBJC_ARC = YES;
				CLANG_ENABLE_OBJC_WEAK = YES;
				CLANG_WARN_BLOCK_CAPTURE_AUTORELEASING = YES;
				CLANG_WARN_BOOL_CONVERSION = YES;
				CLANG_WARN_COMMA = YES;
				CLANG_WARN_CONSTANT_CONVERSION = YES;
				CLANG_WARN_DEPRECATED_OBJC_IMPLEMENTATIONS = YES;
				CLANG_WARN_DIRECT_OBJC_ISA_USAGE = YES_ERROR;
				CLANG_WARN_DOCUMENTATION_COMMENTS = YES;
				CLANG_WARN_EMPTY_BODY = YES;
				CLANG_WARN_ENUM_CONVERSION = YES;
				CLANG_WARN_INFINITE_RECURSION = YES;
				CLANG_WARN_INT_CONVERSION = YES;
				CLANG_WARN_NON_LITERAL_NULL_CONVERSION = YES;
				CLANG_WARN_OBJC_IMPLICIT_RETAIN_SELF = YES;
				CLANG_WARN_OBJC_LITERAL_CONVERSION = YES;
				CLANG_WARN_OBJC_ROOT_CLASS = YES_ERROR;
				CLANG_WARN_QUOTED_INCLUDE_IN_FRAMEWORK_HEADER = YES;
				CLANG_WARN_RANGE_LOOP_ANALYSIS = YES;
				CLANG_WARN_STRICT_PROTOTYPES = YES;
				CLANG_WARN_SUSPICIOUS_MOVE = YES;
				CLANG_WARN_UNGUARDED_AVAILABILITY = YES_AGGRESSIVE;
				CLANG_WARN_UNREACHABLE_CODE = YES;
				CLANG_WARN__DUPLICATE_METHOD_MATCH = YES;
				COPY_PHASE_STRIP = NO;
				DEBUG_INFORMATION_FORMAT = "dwarf-with-dsym";
				ENABLE_NS_ASSERTIONS = NO;
				ENABLE_STRICT_OBJC_MSGSEND = YES;
				GCC_C_LANGUAGE_STANDARD = gnu11;
				GCC_NO_COMMON_BLOCKS = YES;
				GCC_WARN_64_TO_32_BIT_CONVERSION = YES;
				GCC_WARN_ABOUT_RETURN_TYPE = YES_ERROR;
				GCC_WARN_UNDECLARED_SELECTOR = YES;
				GCC_WARN_UNINITIALIZED_AUTOS = YES_AGGRESSIVE;
				GCC_WARN_UNUSED_FUNCTION = YES;
				GCC_WARN_UNUSED_VARIABLE = YES;
				IPHONEOS_DEPLOYMENT_TARGET = 15.4;
				MTL_ENABLE_DEBUG_INFO = NO;
				MTL_FAST_MATH = YES;
				SDKROOT = iphoneos;
				SWIFT_COMPILATION_MODE = wholemodule;
				SWIFT_OPTIMIZATION_LEVEL = "-O";
				VALIDATE_PRODUCT = YES;
			};
			name = Release;
		};
		21F6CC562888D0BF0079E70E /* Debug */ = {
			isa = XCBuildConfiguration;
			buildSettings = {
				ASSETCATALOG_COMPILER_APPICON_NAME = AppIcon;
				ASSETCATALOG_COMPILER_GLOBAL_ACCENT_COLOR_NAME = AccentColor;
				CODE_SIGN_STYLE = Automatic;
				CURRENT_PROJECT_VERSION = 1;
				DEVELOPMENT_ASSET_PATHS = "\"MatchGeometryPractice/Preview Content\"";
				DEVELOPMENT_TEAM = 6UWE2EP59T;
				ENABLE_PREVIEWS = YES;
				GENERATE_INFOPLIST_FILE = YES;
				INFOPLIST_KEY_UIApplicationSceneManifest_Generation = YES;
				INFOPLIST_KEY_UIApplicationSupportsIndirectInputEvents = YES;
				INFOPLIST_KEY_UILaunchScreen_Generation = YES;
				INFOPLIST_KEY_UISupportedInterfaceOrientations_iPad = "UIInterfaceOrientationPortrait UIInterfaceOrientationPortraitUpsideDown UIInterfaceOrientationLandscapeLeft UIInterfaceOrientationLandscapeRight";
				INFOPLIST_KEY_UISupportedInterfaceOrientations_iPhone = "UIInterfaceOrientationPortrait UIInterfaceOrientationLandscapeLeft UIInterfaceOrientationLandscapeRight";
				IPHONEOS_DEPLOYMENT_TARGET = 15.0;
				LD_RUNPATH_SEARCH_PATHS = (
					"$(inherited)",
					"@executable_path/Frameworks",
				);
				MARKETING_VERSION = 1.0;
				PRODUCT_BUNDLE_IDENTIFIER = me.vienn.MatchGeometryPractice;
				PRODUCT_NAME = "$(TARGET_NAME)";
				SWIFT_EMIT_LOC_STRINGS = YES;
				SWIFT_VERSION = 5.0;
				TARGETED_DEVICE_FAMILY = "1,2";
			};
			name = Debug;
		};
		21F6CC572888D0BF0079E70E /* Release */ = {
			isa = XCBuildConfiguration;
			buildSettings = {
				ASSETCATALOG_COMPILER_APPICON_NAME = AppIcon;
				ASSETCATALOG_COMPILER_GLOBAL_ACCENT_COLOR_NAME = AccentColor;
				CODE_SIGN_STYLE = Automatic;
				CURRENT_PROJECT_VERSION = 1;
				DEVELOPMENT_ASSET_PATHS = "\"MatchGeometryPractice/Preview Content\"";
				DEVELOPMENT_TEAM = 6UWE2EP59T;
				ENABLE_PREVIEWS = YES;
				GENERATE_INFOPLIST_FILE = YES;
				INFOPLIST_KEY_UIApplicationSceneManifest_Generation = YES;
				INFOPLIST_KEY_UIApplicationSupportsIndirectInputEvents = YES;
				INFOPLIST_KEY_UILaunchScreen_Generation = YES;
				INFOPLIST_KEY_UISupportedInterfaceOrientations_iPad = "UIInterfaceOrientationPortrait UIInterfaceOrientationPortraitUpsideDown UIInterfaceOrientationLandscapeLeft UIInterfaceOrientationLandscapeRight";
				INFOPLIST_KEY_UISupportedInterfaceOrientations_iPhone = "UIInterfaceOrientationPortrait UIInterfaceOrientationLandscapeLeft UIInterfaceOrientationLandscapeRight";
				IPHONEOS_DEPLOYMENT_TARGET = 15.0;
				LD_RUNPATH_SEARCH_PATHS = (
					"$(inherited)",
					"@executable_path/Frameworks",
				);
				MARKETING_VERSION = 1.0;
				PRODUCT_BUNDLE_IDENTIFIER = me.vienn.MatchGeometryPractice;
				PRODUCT_NAME = "$(TARGET_NAME)";
				SWIFT_EMIT_LOC_STRINGS = YES;
				SWIFT_VERSION = 5.0;
				TARGETED_DEVICE_FAMILY = "1,2";
			};
			name = Release;
		};
/* End XCBuildConfiguration section */

/* Begin XCConfigurationList section */
		21F6CC422888D0BD0079E70E /* Build configuration list for PBXProject "MatchGeometryPractice" */ = {
			isa = XCConfigurationList;
			buildConfigurations = (
				21F6CC532888D0BF0079E70E /* Debug */,
				21F6CC542888D0BF0079E70E /* Release */,
			);
			defaultConfigurationIsVisible = 0;
			defaultConfigurationName = Release;
		};
		21F6CC552888D0BF0079E70E /* Build configuration list for PBXNativeTarget "MatchGeometryPractice" */ = {
			isa = XCConfigurationList;
			buildConfigurations = (
				21F6CC562888D0BF0079E70E /* Debug */,
				21F6CC572888D0BF0079E70E /* Release */,
			);
			defaultConfigurationIsVisible = 0;
			defaultConfigurationName = Release;
		};
/* End XCConfigurationList section */
	};
	rootObject = 21F6CC3F2888D0BD0079E70E /* Project object */;
}
